
Microsoft Visual Studio Solution File, Format Version 12.00
# Visual Studio Version 17
VisualStudioVersion = 17.6.33829.357
MinimumVisualStudioVersion = 10.0.40219.1
Project("{FAE04EC0-301F-11D3-BF4B-00C04F79EFBC}") = "ProyectoKamil", "ProyectoKamil\ProyectoKamil.csproj", "{AE0BD993-5C5C-4C0B-A65A-73219D74D726}"
EndProject
Global
	GlobalSection(SolutionConfigurationPlatforms) = preSolution
		Debug|Any CPU = Debug|Any CPU
		Release|Any CPU = Release|Any CPU
	EndGlobalSection
	GlobalSection(ProjectConfigurationPlatforms) = postSolution
		{AE0BD993-5C5C-4C0B-A65A-73219D74D726}.Debug|Any CPU.ActiveCfg = Debug|Any CPU
		{AE0BD993-5C5C-4C0B-A65A-73219D74D726}.Debug|Any CPU.Build.0 = Debug|Any CPU
		{AE0BD993-5C5C-4C0B-A65A-73219D74D726}.Release|Any CPU.ActiveCfg = Release|Any CPU
		{AE0BD993-5C5C-4C0B-A65A-73219D74D726}.Release|Any CPU.Build.0 = Release|Any CPU
	EndGlobalSection
	GlobalSection(SolutionProperties) = preSolution
		HideSolutionNode = FALSE
	EndGlobalSection
	GlobalSection(ExtensibilityGlobals) = postSolution
		SolutionGuid = {7CAF5054-4AC0-45A1-8303-4100F12E3217}
	EndGlobalSection
EndGlobal
